PODS:
  - Alamofire (4.1.0)
  - AlamofireObjectMapper (4.0.1):
    - Alamofire (~> 4.1)
    - ObjectMapper (~> 2.0)
  - KeyClip (1.4.0)
  - ObjectMapper (2.2.2)

DEPENDENCIES:
  - Alamofire (= 4.1.0)
  - AlamofireObjectMapper (= 4.0.1)
  - KeyClip (from `https://github.com/s-aska/KeyClip`, tag `1.4.2`)

EXTERNAL SOURCES:
  KeyClip:
    :git: https://github.com/s-aska/KeyClip
    :tag: 1.4.2

CHECKOUT OPTIONS:
  KeyClip:
    :git: https://github.com/s-aska/KeyClip
    :tag: 1.4.2

SPEC CHECKSUMS:
  Alamofire: e266cf991b933498df791e645e0d8ac294492153
  AlamofireObjectMapper: 842d2eed43a4d0593ff0110d54ac86a170c4519c
  KeyClip: 40b09b56e16ba0957aa15b24d36601879c9c27d7
  ObjectMapper: 9e385c2295bcc4e16eabbcfc85db801442bba545

PODFILE CHECKSUM: 7f0efe7a2b5b50846fbceaba8a70041a079092ba

COCOAPODS: 1.2.0
